
Microsoft Visual Studio Solution File, Format Version 12.00
# Visual Studio Version 17
VisualStudioVersion = 17.8.34004.107
MinimumVisualStudioVersion = 10.0.40219.1
Project("{FAE04EC0-301F-11D3-BF4B-00C04F79EFBC}") = "ComWrappersTest", "ComWrappersTest.csproj", "{B6A91074-6805-46B9-959F-FDEDAC6312BB}"
EndProject
Global
	GlobalSection(SolutionConfigurationPlatforms) = preSolution
		Debug|Any CPU = Debug|Any CPU
		Release|Any CPU = Release|Any CPU
	EndGlobalSection
	GlobalSection(ProjectConfigurationPlatforms) = postSolution
		{B6A91074-6805-46B9-959F-FDEDAC6312BB}.Debug|Any CPU.ActiveCfg = Debug|Any CPU
		{B6A91074-6805-46B9-959F-FDEDAC6312BB}.Debug|Any CPU.Build.0 = Debug|Any CPU
		{B6A91074-6805-46B9-959F-FDEDAC6312BB}.Release|Any CPU.ActiveCfg = Release|Any CPU
		{B6A91074-6805-46B9-959F-FDEDAC6312BB}.Release|Any CPU.Build.0 = Release|Any CPU
	EndGlobalSection
	GlobalSection(SolutionProperties) = preSolution
		HideSolutionNode = FALSE
	EndGlobalSection
	GlobalSection(ExtensibilityGlobals) = postSolution
		SolutionGuid = {4507696E-F96E-4154-81F8-F73256B76FB7}
	EndGlobalSection
EndGlobal
